// !$*UTF8*$!
{
	archiveVersion = 1;
	classes = {
	};
	objectVersion = 55;
	objects = {

/* Begin PBXBuildFile section */
		B55BCEDA28FC4C6000AF7E45 /* AppDelegate.swift in Sources */ = {isa = PBXBuildFile; fileRef = B55BCED928FC4C6000AF7E45 /* AppDelegate.swift */; };
		B55BCEDC28FC4C6000AF7E45 /* SceneDelegate.swift in Sources */ = {isa = PBXBuildFile; fileRef = B55BCEDB28FC4C6000AF7E45 /* SceneDelegate.swift */; };
		B55BCEE328FC4C6000AF7E45 /* Assets.xcassets in Resources */ = {isa = PBXBuildFile; fileRef = B55BCEE228FC4C6000AF7E45 /* Assets.xcassets */; };
		B55BCEE628FC4C6000AF7E45 /* LaunchScreen.storyboard in Resources */ = {isa = PBXBuildFile; fileRef = B55BCEE428FC4C6000AF7E45 /* LaunchScreen.storyboard */; };
		B55BCEF128FC4C6100AF7E45 /* EarthValley80Tests.swift in Sources */ = {isa = PBXBuildFile; fileRef = B55BCEF028FC4C6100AF7E45 /* EarthValley80Tests.swift */; };
		B55BCEFB28FC4C6100AF7E45 /* EarthValley80UITests.swift in Sources */ = {isa = PBXBuildFile; fileRef = B55BCEFA28FC4C6100AF7E45 /* EarthValley80UITests.swift */; };
		B55BCEFD28FC4C6100AF7E45 /* EarthValley80UITestsLaunchTests.swift in Sources */ = {isa = PBXBuildFile; fileRef = B55BCEFC28FC4C6100AF7E45 /* EarthValley80UITestsLaunchTests.swift */; };
		B5BE345C28FD981C00D09BEE /* MyNews.storyboard in Resources */ = {isa = PBXBuildFile; fileRef = B5BE345B28FD981C00D09BEE /* MyNews.storyboard */; };
		B5BE345E28FD982700D09BEE /* MyNewsViewController.swift in Sources */ = {isa = PBXBuildFile; fileRef = B5BE345D28FD982700D09BEE /* MyNewsViewController.swift */; };
		B5BE346028FD984C00D09BEE /* News.storyboard in Resources */ = {isa = PBXBuildFile; fileRef = B5BE345F28FD984C00D09BEE /* News.storyboard */; };
		B5BE346428FD986600D09BEE /* NewsFeedViewController.swift in Sources */ = {isa = PBXBuildFile; fileRef = B5BE346328FD986600D09BEE /* NewsFeedViewController.swift */; };
		B5BE346628FD996D00D09BEE /* NewsFeed.storyboard in Resources */ = {isa = PBXBuildFile; fileRef = B5BE346528FD996D00D09BEE /* NewsFeed.storyboard */; };
		B5BE346A28FD9AEC00D09BEE /* UIColor+Extension.swift in Sources */ = {isa = PBXBuildFile; fileRef = B5BE346928FD9AEC00D09BEE /* UIColor+Extension.swift */; };
		B5BE346C28FD9B7900D09BEE /* NSObject+Extension.swift in Sources */ = {isa = PBXBuildFile; fileRef = B5BE346B28FD9B7900D09BEE /* NSObject+Extension.swift */; };
		B5BE346E28FD9BB100D09BEE /* UITableView+Extension.swift in Sources */ = {isa = PBXBuildFile; fileRef = B5BE346D28FD9BB100D09BEE /* UITableView+Extension.swift */; };
		B5BE347028FD9C2C00D09BEE /* UICollectionView+Extension.swift in Sources */ = {isa = PBXBuildFile; fileRef = B5BE346F28FD9C2C00D09BEE /* UICollectionView+Extension.swift */; };
		B5BE347228FD9C9A00D09BEE /* UIViewController+Extension.swift in Sources */ = {isa = PBXBuildFile; fileRef = B5BE347128FD9C9A00D09BEE /* UIViewController+Extension.swift */; };
		B5BE347428FD9CD200D09BEE /* UIView+Extension.swift in Sources */ = {isa = PBXBuildFile; fileRef = B5BE347328FD9CD200D09BEE /* UIView+Extension.swift */; };
		B5BE347628FD9CF800D09BEE /* UIButton+Extension.swift in Sources */ = {isa = PBXBuildFile; fileRef = B5BE347528FD9CF800D09BEE /* UIButton+Extension.swift */; };
		B5BE347928FD9DDE00D09BEE /* UIView+Constraints.swift in Sources */ = {isa = PBXBuildFile; fileRef = B5BE347828FD9DDE00D09BEE /* UIView+Constraints.swift */; };
		B5BE347B28FD9E5500D09BEE /* UIViewController+Alert.swift in Sources */ = {isa = PBXBuildFile; fileRef = B5BE347A28FD9E5500D09BEE /* UIViewController+Alert.swift */; };
		B5BE347E28FDA22F00D09BEE /* ImageLiteral.swift in Sources */ = {isa = PBXBuildFile; fileRef = B5BE347D28FDA22F00D09BEE /* ImageLiteral.swift */; };
		B5BE348028FDA2A200D09BEE /* StringLiteral.swift in Sources */ = {isa = PBXBuildFile; fileRef = B5BE347F28FDA2A200D09BEE /* StringLiteral.swift */; };
		B5FAC8DC2907652800537F58 /* ReadingNewsViewController.swift in Sources */ = {isa = PBXBuildFile; fileRef = B5FAC8DB2907652800537F58 /* ReadingNewsViewController.swift */; };
		B5FAC8DF2907786F00537F58 /* NewsTitleHeaderView.swift in Sources */ = {isa = PBXBuildFile; fileRef = B5FAC8DE2907786F00537F58 /* NewsTitleHeaderView.swift */; };
		B5FAC8E2290781C200537F58 /* NewsContentTableViewCell.swift in Sources */ = {isa = PBXBuildFile; fileRef = B5FAC8E1290781C200537F58 /* NewsContentTableViewCell.swift */; };
		B5FAC8E5290786B800537F58 /* UILabel+Extension.swift in Sources */ = {isa = PBXBuildFile; fileRef = B5FAC8E4290786B800537F58 /* UILabel+Extension.swift */; };
		B5FAC8E9290792C500537F58 /* QuestionView.swift in Sources */ = {isa = PBXBuildFile; fileRef = B5FAC8E8290792C500537F58 /* QuestionView.swift */; };
		B5FAC8EB2907BA6000537F58 /* UIFont+Extension.swift in Sources */ = {isa = PBXBuildFile; fileRef = B5FAC8EA2907BA6000537F58 /* UIFont+Extension.swift */; };
		B5FAC8ED2907D18800537F58 /* TitleInferingViewController.swift in Sources */ = {isa = PBXBuildFile; fileRef = B5FAC8EC2907D18800537F58 /* TitleInferingViewController.swift */; };
/* End PBXBuildFile section */

/* Begin PBXContainerItemProxy section */
		B55BCEED28FC4C6100AF7E45 /* PBXContainerItemProxy */ = {
			isa = PBXContainerItemProxy;
			containerPortal = B55BCECE28FC4C5F00AF7E45 /* Project object */;
			proxyType = 1;
			remoteGlobalIDString = B55BCED528FC4C6000AF7E45;
			remoteInfo = EarthValley80;
		};
		B55BCEF728FC4C6100AF7E45 /* PBXContainerItemProxy */ = {
			isa = PBXContainerItemProxy;
			containerPortal = B55BCECE28FC4C5F00AF7E45 /* Project object */;
			proxyType = 1;
			remoteGlobalIDString = B55BCED528FC4C6000AF7E45;
			remoteInfo = EarthValley80;
		};
/* End PBXContainerItemProxy section */

/* Begin PBXFileReference section */
		B55BCED628FC4C6000AF7E45 /* EarthValley80.app */ = {isa = PBXFileReference; explicitFileType = wrapper.application; includeInIndex = 0; path = EarthValley80.app; sourceTree = BUILT_PRODUCTS_DIR; };
		B55BCED928FC4C6000AF7E45 /* AppDelegate.swift */ = {isa = PBXFileReference; lastKnownFileType = sourcecode.swift; path = AppDelegate.swift; sourceTree = "<group>"; };
		B55BCEDB28FC4C6000AF7E45 /* SceneDelegate.swift */ = {isa = PBXFileReference; lastKnownFileType = sourcecode.swift; path = SceneDelegate.swift; sourceTree = "<group>"; };
		B55BCEE228FC4C6000AF7E45 /* Assets.xcassets */ = {isa = PBXFileReference; lastKnownFileType = folder.assetcatalog; path = Assets.xcassets; sourceTree = "<group>"; };
		B55BCEE528FC4C6000AF7E45 /* Base */ = {isa = PBXFileReference; lastKnownFileType = file.storyboard; name = Base; path = Base.lproj/LaunchScreen.storyboard; sourceTree = "<group>"; };
		B55BCEE728FC4C6000AF7E45 /* Info.plist */ = {isa = PBXFileReference; lastKnownFileType = text.plist.xml; path = Info.plist; sourceTree = "<group>"; };
		B55BCEEC28FC4C6100AF7E45 /* EarthValley80Tests.xctest */ = {isa = PBXFileReference; explicitFileType = wrapper.cfbundle; includeInIndex = 0; path = EarthValley80Tests.xctest; sourceTree = BUILT_PRODUCTS_DIR; };
		B55BCEF028FC4C6100AF7E45 /* EarthValley80Tests.swift */ = {isa = PBXFileReference; lastKnownFileType = sourcecode.swift; path = EarthValley80Tests.swift; sourceTree = "<group>"; };
		B55BCEF628FC4C6100AF7E45 /* EarthValley80UITests.xctest */ = {isa = PBXFileReference; explicitFileType = wrapper.cfbundle; includeInIndex = 0; path = EarthValley80UITests.xctest; sourceTree = BUILT_PRODUCTS_DIR; };
		B55BCEFA28FC4C6100AF7E45 /* EarthValley80UITests.swift */ = {isa = PBXFileReference; lastKnownFileType = sourcecode.swift; path = EarthValley80UITests.swift; sourceTree = "<group>"; };
		B55BCEFC28FC4C6100AF7E45 /* EarthValley80UITestsLaunchTests.swift */ = {isa = PBXFileReference; lastKnownFileType = sourcecode.swift; path = EarthValley80UITestsLaunchTests.swift; sourceTree = "<group>"; };
		B5BE345B28FD981C00D09BEE /* MyNews.storyboard */ = {isa = PBXFileReference; lastKnownFileType = file.storyboard; path = MyNews.storyboard; sourceTree = "<group>"; };
		B5BE345D28FD982700D09BEE /* MyNewsViewController.swift */ = {isa = PBXFileReference; lastKnownFileType = sourcecode.swift; path = MyNewsViewController.swift; sourceTree = "<group>"; };
		B5BE345F28FD984C00D09BEE /* News.storyboard */ = {isa = PBXFileReference; lastKnownFileType = file.storyboard; path = News.storyboard; sourceTree = "<group>"; };
		B5BE346328FD986600D09BEE /* NewsFeedViewController.swift */ = {isa = PBXFileReference; lastKnownFileType = sourcecode.swift; path = NewsFeedViewController.swift; sourceTree = "<group>"; };
		B5BE346528FD996D00D09BEE /* NewsFeed.storyboard */ = {isa = PBXFileReference; lastKnownFileType = file.storyboard; path = NewsFeed.storyboard; sourceTree = "<group>"; };
		B5BE346928FD9AEC00D09BEE /* UIColor+Extension.swift */ = {isa = PBXFileReference; lastKnownFileType = sourcecode.swift; path = "UIColor+Extension.swift"; sourceTree = "<group>"; };
		B5BE346B28FD9B7900D09BEE /* NSObject+Extension.swift */ = {isa = PBXFileReference; lastKnownFileType = sourcecode.swift; path = "NSObject+Extension.swift"; sourceTree = "<group>"; };
		B5BE346D28FD9BB100D09BEE /* UITableView+Extension.swift */ = {isa = PBXFileReference; lastKnownFileType = sourcecode.swift; path = "UITableView+Extension.swift"; sourceTree = "<group>"; };
		B5BE346F28FD9C2C00D09BEE /* UICollectionView+Extension.swift */ = {isa = PBXFileReference; lastKnownFileType = sourcecode.swift; path = "UICollectionView+Extension.swift"; sourceTree = "<group>"; };
		B5BE347128FD9C9A00D09BEE /* UIViewController+Extension.swift */ = {isa = PBXFileReference; lastKnownFileType = sourcecode.swift; path = "UIViewController+Extension.swift"; sourceTree = "<group>"; };
		B5BE347328FD9CD200D09BEE /* UIView+Extension.swift */ = {isa = PBXFileReference; lastKnownFileType = sourcecode.swift; path = "UIView+Extension.swift"; sourceTree = "<group>"; };
		B5BE347528FD9CF800D09BEE /* UIButton+Extension.swift */ = {isa = PBXFileReference; lastKnownFileType = sourcecode.swift; path = "UIButton+Extension.swift"; sourceTree = "<group>"; };
		B5BE347828FD9DDE00D09BEE /* UIView+Constraints.swift */ = {isa = PBXFileReference; lastKnownFileType = sourcecode.swift; path = "UIView+Constraints.swift"; sourceTree = "<group>"; };
		B5BE347A28FD9E5500D09BEE /* UIViewController+Alert.swift */ = {isa = PBXFileReference; lastKnownFileType = sourcecode.swift; path = "UIViewController+Alert.swift"; sourceTree = "<group>"; };
		B5BE347D28FDA22F00D09BEE /* ImageLiteral.swift */ = {isa = PBXFileReference; lastKnownFileType = sourcecode.swift; path = ImageLiteral.swift; sourceTree = "<group>"; };
		B5BE347F28FDA2A200D09BEE /* StringLiteral.swift */ = {isa = PBXFileReference; lastKnownFileType = sourcecode.swift; path = StringLiteral.swift; sourceTree = "<group>"; };
		B5FAC8DB2907652800537F58 /* ReadingNewsViewController.swift */ = {isa = PBXFileReference; lastKnownFileType = sourcecode.swift; path = ReadingNewsViewController.swift; sourceTree = "<group>"; };
		B5FAC8DE2907786F00537F58 /* NewsTitleHeaderView.swift */ = {isa = PBXFileReference; lastKnownFileType = sourcecode.swift; path = NewsTitleHeaderView.swift; sourceTree = "<group>"; };
		B5FAC8E1290781C200537F58 /* NewsContentTableViewCell.swift */ = {isa = PBXFileReference; lastKnownFileType = sourcecode.swift; path = NewsContentTableViewCell.swift; sourceTree = "<group>"; };
		B5FAC8E4290786B800537F58 /* UILabel+Extension.swift */ = {isa = PBXFileReference; lastKnownFileType = sourcecode.swift; path = "UILabel+Extension.swift"; sourceTree = "<group>"; };
		B5FAC8E8290792C500537F58 /* QuestionView.swift */ = {isa = PBXFileReference; lastKnownFileType = sourcecode.swift; path = QuestionView.swift; sourceTree = "<group>"; };
		B5FAC8EA2907BA6000537F58 /* UIFont+Extension.swift */ = {isa = PBXFileReference; lastKnownFileType = sourcecode.swift; path = "UIFont+Extension.swift"; sourceTree = "<group>"; };
		B5FAC8EC2907D18800537F58 /* TitleInferingViewController.swift */ = {isa = PBXFileReference; lastKnownFileType = sourcecode.swift; path = TitleInferingViewController.swift; sourceTree = "<group>"; };
/* End PBXFileReference section */

/* Begin PBXFrameworksBuildPhase section */
		B55BCED328FC4C6000AF7E45 /* Frameworks */ = {
			isa = PBXFrameworksBuildPhase;
			buildActionMask = 2147483647;
			files = (
			);
			runOnlyForDeploymentPostprocessing = 0;
		};
		B55BCEE928FC4C6100AF7E45 /* Frameworks */ = {
			isa = PBXFrameworksBuildPhase;
			buildActionMask = 2147483647;
			files = (
			);
			runOnlyForDeploymentPostprocessing = 0;
		};
		B55BCEF328FC4C6100AF7E45 /* Frameworks */ = {
			isa = PBXFrameworksBuildPhase;
			buildActionMask = 2147483647;
			files = (
			);
			runOnlyForDeploymentPostprocessing = 0;
		};
/* End PBXFrameworksBuildPhase section */

/* Begin PBXGroup section */
		B55BCECD28FC4C5F00AF7E45 = {
			isa = PBXGroup;
			children = (
				B55BCED828FC4C6000AF7E45 /* EarthValley80 */,
				B55BCEEF28FC4C6100AF7E45 /* EarthValley80Tests */,
				B55BCEF928FC4C6100AF7E45 /* EarthValley80UITests */,
				B55BCED728FC4C6000AF7E45 /* Products */,
			);
			sourceTree = "<group>";
		};
		B55BCED728FC4C6000AF7E45 /* Products */ = {
			isa = PBXGroup;
			children = (
				B55BCED628FC4C6000AF7E45 /* EarthValley80.app */,
				B55BCEEC28FC4C6100AF7E45 /* EarthValley80Tests.xctest */,
				B55BCEF628FC4C6100AF7E45 /* EarthValley80UITests.xctest */,
			);
			name = Products;
			sourceTree = "<group>";
		};
		B55BCED828FC4C6000AF7E45 /* EarthValley80 */ = {
			isa = PBXGroup;
			children = (
				B5BE345328FD96BD00D09BEE /* Global */,
				B5BE345228FD96B900D09BEE /* Screen */,
			);
			path = EarthValley80;
			sourceTree = "<group>";
		};
		B55BCEEF28FC4C6100AF7E45 /* EarthValley80Tests */ = {
			isa = PBXGroup;
			children = (
				B55BCEF028FC4C6100AF7E45 /* EarthValley80Tests.swift */,
			);
			path = EarthValley80Tests;
			sourceTree = "<group>";
		};
		B55BCEF928FC4C6100AF7E45 /* EarthValley80UITests */ = {
			isa = PBXGroup;
			children = (
				B55BCEFA28FC4C6100AF7E45 /* EarthValley80UITests.swift */,
				B55BCEFC28FC4C6100AF7E45 /* EarthValley80UITestsLaunchTests.swift */,
			);
			path = EarthValley80UITests;
			sourceTree = "<group>";
		};
		B5BE345228FD96B900D09BEE /* Screen */ = {
			isa = PBXGroup;
			children = (
				B5BE345628FD96CA00D09BEE /* NewsFeed */,
				B5BE345528FD96C700D09BEE /* News */,
				B5BE345428FD96C100D09BEE /* MyNews */,
			);
			path = Screen;
			sourceTree = "<group>";
		};
		B5BE345328FD96BD00D09BEE /* Global */ = {
			isa = PBXGroup;
			children = (
				B5BE347C28FDA21E00D09BEE /* Literals */,
				B5BE347728FD9DCF00D09BEE /* Utils */,
				B5BE346728FD9AB100D09BEE /* Extensions */,
				B5BE345828FD96EB00D09BEE /* Supports */,
				B5BE345728FD96E400D09BEE /* Resource */,
			);
			path = Global;
			sourceTree = "<group>";
		};
		B5BE345428FD96C100D09BEE /* MyNews */ = {
			isa = PBXGroup;
			children = (
				B5BE345D28FD982700D09BEE /* MyNewsViewController.swift */,
			);
			path = MyNews;
			sourceTree = "<group>";
		};
		B5BE345528FD96C700D09BEE /* News */ = {
			isa = PBXGroup;
			children = (
				B5FAC8E0290781AD00537F58 /* Cells */,
				B5FAC8DD2907785D00537F58 /* Components */,
				B5FAC8DB2907652800537F58 /* ReadingNewsViewController.swift */,
				B5FAC8EC2907D18800537F58 /* TitleInferingViewController.swift */,
			);
			path = News;
			sourceTree = "<group>";
		};
		B5BE345628FD96CA00D09BEE /* NewsFeed */ = {
			isa = PBXGroup;
			children = (
				B5BE346328FD986600D09BEE /* NewsFeedViewController.swift */,
			);
			path = NewsFeed;
			sourceTree = "<group>";
		};
		B5BE345728FD96E400D09BEE /* Resource */ = {
			isa = PBXGroup;
			children = (
				B55BCEE228FC4C6000AF7E45 /* Assets.xcassets */,
				B5BE345928FD970300D09BEE /* Storyboard */,
			);
			path = Resource;
			sourceTree = "<group>";
		};
		B5BE345828FD96EB00D09BEE /* Supports */ = {
			isa = PBXGroup;
			children = (
				B55BCED928FC4C6000AF7E45 /* AppDelegate.swift */,
				B55BCEDB28FC4C6000AF7E45 /* SceneDelegate.swift */,
				B55BCEE728FC4C6000AF7E45 /* Info.plist */,
			);
			path = Supports;
			sourceTree = "<group>";
		};
		B5BE345928FD970300D09BEE /* Storyboard */ = {
			isa = PBXGroup;
			children = (
				B55BCEE428FC4C6000AF7E45 /* LaunchScreen.storyboard */,
				B5BE345F28FD984C00D09BEE /* News.storyboard */,
				B5BE345B28FD981C00D09BEE /* MyNews.storyboard */,
				B5BE346528FD996D00D09BEE /* NewsFeed.storyboard */,
			);
			path = Storyboard;
			sourceTree = "<group>";
		};
		B5BE346728FD9AB100D09BEE /* Extensions */ = {
			isa = PBXGroup;
			children = (
				B5BE346928FD9AEC00D09BEE /* UIColor+Extension.swift */,
				B5BE346B28FD9B7900D09BEE /* NSObject+Extension.swift */,
				B5BE346D28FD9BB100D09BEE /* UITableView+Extension.swift */,
				B5BE346F28FD9C2C00D09BEE /* UICollectionView+Extension.swift */,
				B5BE347128FD9C9A00D09BEE /* UIViewController+Extension.swift */,
				B5BE347328FD9CD200D09BEE /* UIView+Extension.swift */,
				B5BE347528FD9CF800D09BEE /* UIButton+Extension.swift */,
				B5FAC8EA2907BA6000537F58 /* UIFont+Extension.swift */,
				B5FAC8E4290786B800537F58 /* UILabel+Extension.swift */,
			);
			path = Extensions;
			sourceTree = "<group>";
		};
		B5BE347728FD9DCF00D09BEE /* Utils */ = {
			isa = PBXGroup;
			children = (
				B5BE347828FD9DDE00D09BEE /* UIView+Constraints.swift */,
				B5BE347A28FD9E5500D09BEE /* UIViewController+Alert.swift */,
			);
			path = Utils;
			sourceTree = "<group>";
		};
		B5BE347C28FDA21E00D09BEE /* Literals */ = {
			isa = PBXGroup;
			children = (
				B5BE347D28FDA22F00D09BEE /* ImageLiteral.swift */,
				B5BE347F28FDA2A200D09BEE /* StringLiteral.swift */,
			);
			path = Literals;
			sourceTree = "<group>";
		};
		B5FAC8DD2907785D00537F58 /* Components */ = {
			isa = PBXGroup;
			children = (
				B5FAC8DE2907786F00537F58 /* NewsTitleHeaderView.swift */,
				B5FAC8E8290792C500537F58 /* QuestionView.swift */,
			);
			path = Components;
			sourceTree = "<group>";
		};
		B5FAC8E0290781AD00537F58 /* Cells */ = {
			isa = PBXGroup;
			children = (
				B5FAC8E1290781C200537F58 /* NewsContentTableViewCell.swift */,
			);
			path = Cells;
			sourceTree = "<group>";
		};
/* End PBXGroup section */

/* Begin PBXNativeTarget section */
		B55BCED528FC4C6000AF7E45 /* EarthValley80 */ = {
			isa = PBXNativeTarget;
			buildConfigurationList = B55BCF0028FC4C6100AF7E45 /* Build configuration list for PBXNativeTarget "EarthValley80" */;
			buildPhases = (
				B55BCED228FC4C6000AF7E45 /* Sources */,
				B55BCED328FC4C6000AF7E45 /* Frameworks */,
				B55BCED428FC4C6000AF7E45 /* Resources */,
			);
			buildRules = (
			);
			dependencies = (
			);
			name = EarthValley80;
			productName = EarthValley80;
			productReference = B55BCED628FC4C6000AF7E45 /* EarthValley80.app */;
			productType = "com.apple.product-type.application";
		};
		B55BCEEB28FC4C6100AF7E45 /* EarthValley80Tests */ = {
			isa = PBXNativeTarget;
			buildConfigurationList = B55BCF0328FC4C6100AF7E45 /* Build configuration list for PBXNativeTarget "EarthValley80Tests" */;
			buildPhases = (
				B55BCEE828FC4C6100AF7E45 /* Sources */,
				B55BCEE928FC4C6100AF7E45 /* Frameworks */,
				B55BCEEA28FC4C6100AF7E45 /* Resources */,
			);
			buildRules = (
			);
			dependencies = (
				B55BCEEE28FC4C6100AF7E45 /* PBXTargetDependency */,
			);
			name = EarthValley80Tests;
			productName = EarthValley80Tests;
			productReference = B55BCEEC28FC4C6100AF7E45 /* EarthValley80Tests.xctest */;
			productType = "com.apple.product-type.bundle.unit-test";
		};
		B55BCEF528FC4C6100AF7E45 /* EarthValley80UITests */ = {
			isa = PBXNativeTarget;
			buildConfigurationList = B55BCF0628FC4C6100AF7E45 /* Build configuration list for PBXNativeTarget "EarthValley80UITests" */;
			buildPhases = (
				B55BCEF228FC4C6100AF7E45 /* Sources */,
				B55BCEF328FC4C6100AF7E45 /* Frameworks */,
				B55BCEF428FC4C6100AF7E45 /* Resources */,
			);
			buildRules = (
			);
			dependencies = (
				B55BCEF828FC4C6100AF7E45 /* PBXTargetDependency */,
			);
			name = EarthValley80UITests;
			productName = EarthValley80UITests;
			productReference = B55BCEF628FC4C6100AF7E45 /* EarthValley80UITests.xctest */;
			productType = "com.apple.product-type.bundle.ui-testing";
		};
/* End PBXNativeTarget section */

/* Begin PBXProject section */
		B55BCECE28FC4C5F00AF7E45 /* Project object */ = {
			isa = PBXProject;
			attributes = {
				BuildIndependentTargetsInParallel = 1;
				LastSwiftUpdateCheck = 1400;
				LastUpgradeCheck = 1400;
				TargetAttributes = {
					B55BCED528FC4C6000AF7E45 = {
						CreatedOnToolsVersion = 14.0;
					};
					B55BCEEB28FC4C6100AF7E45 = {
						CreatedOnToolsVersion = 14.0;
						TestTargetID = B55BCED528FC4C6000AF7E45;
					};
					B55BCEF528FC4C6100AF7E45 = {
						CreatedOnToolsVersion = 14.0;
						TestTargetID = B55BCED528FC4C6000AF7E45;
					};
				};
			};
			buildConfigurationList = B55BCED128FC4C5F00AF7E45 /* Build configuration list for PBXProject "EarthValley80" */;
			compatibilityVersion = "Xcode 13.0";
			developmentRegion = en;
			hasScannedForEncodings = 0;
			knownRegions = (
				en,
				Base,
			);
			mainGroup = B55BCECD28FC4C5F00AF7E45;
			productRefGroup = B55BCED728FC4C6000AF7E45 /* Products */;
			projectDirPath = "";
			projectRoot = "";
			targets = (
				B55BCED528FC4C6000AF7E45 /* EarthValley80 */,
				B55BCEEB28FC4C6100AF7E45 /* EarthValley80Tests */,
				B55BCEF528FC4C6100AF7E45 /* EarthValley80UITests */,
			);
		};
/* End PBXProject section */

/* Begin PBXResourcesBuildPhase section */
		B55BCED428FC4C6000AF7E45 /* Resources */ = {
			isa = PBXResourcesBuildPhase;
			buildActionMask = 2147483647;
			files = (
				B55BCEE628FC4C6000AF7E45 /* LaunchScreen.storyboard in Resources */,
				B5BE346628FD996D00D09BEE /* NewsFeed.storyboard in Resources */,
				B5BE345C28FD981C00D09BEE /* MyNews.storyboard in Resources */,
				B55BCEE328FC4C6000AF7E45 /* Assets.xcassets in Resources */,
				B5BE346028FD984C00D09BEE /* News.storyboard in Resources */,
			);
			runOnlyForDeploymentPostprocessing = 0;
		};
		B55BCEEA28FC4C6100AF7E45 /* Resources */ = {
			isa = PBXResourcesBuildPhase;
			buildActionMask = 2147483647;
			files = (
			);
			runOnlyForDeploymentPostprocessing = 0;
		};
		B55BCEF428FC4C6100AF7E45 /* Resources */ = {
			isa = PBXResourcesBuildPhase;
			buildActionMask = 2147483647;
			files = (
			);
			runOnlyForDeploymentPostprocessing = 0;
		};
/* End PBXResourcesBuildPhase section */

/* Begin PBXSourcesBuildPhase section */
		B55BCED228FC4C6000AF7E45 /* Sources */ = {
			isa = PBXSourcesBuildPhase;
			buildActionMask = 2147483647;
			files = (
				B5BE347428FD9CD200D09BEE /* UIView+Extension.swift in Sources */,
				B5BE347028FD9C2C00D09BEE /* UICollectionView+Extension.swift in Sources */,
				B5BE348028FDA2A200D09BEE /* StringLiteral.swift in Sources */,
				B5FAC8DF2907786F00537F58 /* NewsTitleHeaderView.swift in Sources */,
				B55BCEDA28FC4C6000AF7E45 /* AppDelegate.swift in Sources */,
				B5BE347928FD9DDE00D09BEE /* UIView+Constraints.swift in Sources */,
				B5BE347E28FDA22F00D09BEE /* ImageLiteral.swift in Sources */,
				B55BCEDC28FC4C6000AF7E45 /* SceneDelegate.swift in Sources */,
				B5BE345E28FD982700D09BEE /* MyNewsViewController.swift in Sources */,
				B5BE347628FD9CF800D09BEE /* UIButton+Extension.swift in Sources */,
				B5FAC8E9290792C500537F58 /* QuestionView.swift in Sources */,
				B5BE346A28FD9AEC00D09BEE /* UIColor+Extension.swift in Sources */,
				B5FAC8EB2907BA6000537F58 /* UIFont+Extension.swift in Sources */,
				B5FAC8ED2907D18800537F58 /* TitleInferingViewController.swift in Sources */,
				B5FAC8DC2907652800537F58 /* ReadingNewsViewController.swift in Sources */,
				B5FAC8E5290786B800537F58 /* UILabel+Extension.swift in Sources */,
				B5BE346428FD986600D09BEE /* NewsFeedViewController.swift in Sources */,
				B5FAC8E2290781C200537F58 /* NewsContentTableViewCell.swift in Sources */,
				B5BE346C28FD9B7900D09BEE /* NSObject+Extension.swift in Sources */,
				B5BE347228FD9C9A00D09BEE /* UIViewController+Extension.swift in Sources */,
				B5BE346E28FD9BB100D09BEE /* UITableView+Extension.swift in Sources */,
				B5BE347B28FD9E5500D09BEE /* UIViewController+Alert.swift in Sources */,
			);
			runOnlyForDeploymentPostprocessing = 0;
		};
		B55BCEE828FC4C6100AF7E45 /* Sources */ = {
			isa = PBXSourcesBuildPhase;
			buildActionMask = 2147483647;
			files = (
				B55BCEF128FC4C6100AF7E45 /* EarthValley80Tests.swift in Sources */,
			);
			runOnlyForDeploymentPostprocessing = 0;
		};
		B55BCEF228FC4C6100AF7E45 /* Sources */ = {
			isa = PBXSourcesBuildPhase;
			buildActionMask = 2147483647;
			files = (
				B55BCEFD28FC4C6100AF7E45 /* EarthValley80UITestsLaunchTests.swift in Sources */,
				B55BCEFB28FC4C6100AF7E45 /* EarthValley80UITests.swift in Sources */,
			);
			runOnlyForDeploymentPostprocessing = 0;
		};
/* End PBXSourcesBuildPhase section */

/* Begin PBXTargetDependency section */
		B55BCEEE28FC4C6100AF7E45 /* PBXTargetDependency */ = {
			isa = PBXTargetDependency;
			target = B55BCED528FC4C6000AF7E45 /* EarthValley80 */;
			targetProxy = B55BCEED28FC4C6100AF7E45 /* PBXContainerItemProxy */;
		};
		B55BCEF828FC4C6100AF7E45 /* PBXTargetDependency */ = {
			isa = PBXTargetDependency;
			target = B55BCED528FC4C6000AF7E45 /* EarthValley80 */;
			targetProxy = B55BCEF728FC4C6100AF7E45 /* PBXContainerItemProxy */;
		};
/* End PBXTargetDependency section */

/* Begin PBXVariantGroup section */
		B55BCEE428FC4C6000AF7E45 /* LaunchScreen.storyboard */ = {
			isa = PBXVariantGroup;
			children = (
				B55BCEE528FC4C6000AF7E45 /* Base */,
			);
			name = LaunchScreen.storyboard;
			sourceTree = "<group>";
		};
/* End PBXVariantGroup section */

/* Begin XCBuildConfiguration section */
		B55BCEFE28FC4C6100AF7E45 /* Debug */ = {
			isa = XCBuildConfiguration;
			buildSettings = {
				ALWAYS_SEARCH_USER_PATHS = NO;
				CLANG_ANALYZER_NONNULL = YES;
				CLANG_ANALYZER_NUMBER_OBJECT_CONVERSION = YES_AGGRESSIVE;
				CLANG_CXX_LANGUAGE_STANDARD = "gnu++20";
				CLANG_ENABLE_MODULES = YES;
				CLANG_ENABLE_OBJC_ARC = YES;
				CLANG_ENABLE_OBJC_WEAK = YES;
				CLANG_WARN_BLOCK_CAPTURE_AUTORELEASING = YES;
				CLANG_WARN_BOOL_CONVERSION = YES;
				CLANG_WARN_COMMA = YES;
				CLANG_WARN_CONSTANT_CONVERSION = YES;
				CLANG_WARN_DEPRECATED_OBJC_IMPLEMENTATIONS = YES;
				CLANG_WARN_DIRECT_OBJC_ISA_USAGE = YES_ERROR;
				CLANG_WARN_DOCUMENTATION_COMMENTS = YES;
				CLANG_WARN_EMPTY_BODY = YES;
				CLANG_WARN_ENUM_CONVERSION = YES;
				CLANG_WARN_INFINITE_RECURSION = YES;
				CLANG_WARN_INT_CONVERSION = YES;
				CLANG_WARN_NON_LITERAL_NULL_CONVERSION = YES;
				CLANG_WARN_OBJC_IMPLICIT_RETAIN_SELF = YES;
				CLANG_WARN_OBJC_LITERAL_CONVERSION = YES;
				CLANG_WARN_OBJC_ROOT_CLASS = YES_ERROR;
				CLANG_WARN_QUOTED_INCLUDE_IN_FRAMEWORK_HEADER = YES;
				CLANG_WARN_RANGE_LOOP_ANALYSIS = YES;
				CLANG_WARN_STRICT_PROTOTYPES = YES;
				CLANG_WARN_SUSPICIOUS_MOVE = YES;
				CLANG_WARN_UNGUARDED_AVAILABILITY = YES_AGGRESSIVE;
				CLANG_WARN_UNREACHABLE_CODE = YES;
				CLANG_WARN__DUPLICATE_METHOD_MATCH = YES;
				COPY_PHASE_STRIP = NO;
				DEBUG_INFORMATION_FORMAT = dwarf;
				ENABLE_STRICT_OBJC_MSGSEND = YES;
				ENABLE_TESTABILITY = YES;
				GCC_C_LANGUAGE_STANDARD = gnu11;
				GCC_DYNAMIC_NO_PIC = NO;
				GCC_NO_COMMON_BLOCKS = YES;
				GCC_OPTIMIZATION_LEVEL = 0;
				GCC_PREPROCESSOR_DEFINITIONS = (
					"DEBUG=1",
					"$(inherited)",
				);
				GCC_WARN_64_TO_32_BIT_CONVERSION = YES;
				GCC_WARN_ABOUT_RETURN_TYPE = YES_ERROR;
				GCC_WARN_UNDECLARED_SELECTOR = YES;
				GCC_WARN_UNINITIALIZED_AUTOS = YES_AGGRESSIVE;
				GCC_WARN_UNUSED_FUNCTION = YES;
				GCC_WARN_UNUSED_VARIABLE = YES;
				IPHONEOS_DEPLOYMENT_TARGET = 14.0;
				MTL_ENABLE_DEBUG_INFO = INCLUDE_SOURCE;
				MTL_FAST_MATH = YES;
				ONLY_ACTIVE_ARCH = YES;
				SDKROOT = iphoneos;
				SWIFT_ACTIVE_COMPILATION_CONDITIONS = DEBUG;
				SWIFT_OPTIMIZATION_LEVEL = "-Onone";
			};
			name = Debug;
		};
		B55BCEFF28FC4C6100AF7E45 /* Release */ = {
			isa = XCBuildConfiguration;
			buildSettings = {
				ALWAYS_SEARCH_USER_PATHS = NO;
				CLANG_ANALYZER_NONNULL = YES;
				CLANG_ANALYZER_NUMBER_OBJECT_CONVERSION = YES_AGGRESSIVE;
				CLANG_CXX_LANGUAGE_STANDARD = "gnu++20";
				CLANG_ENABLE_MODULES = YES;
				CLANG_ENABLE_OBJC_ARC = YES;
				CLANG_ENABLE_OBJC_WEAK = YES;
				CLANG_WARN_BLOCK_CAPTURE_AUTORELEASING = YES;
				CLANG_WARN_BOOL_CONVERSION = YES;
				CLANG_WARN_COMMA = YES;
				CLANG_WARN_CONSTANT_CONVERSION = YES;
				CLANG_WARN_DEPRECATED_OBJC_IMPLEMENTATIONS = YES;
				CLANG_WARN_DIRECT_OBJC_ISA_USAGE = YES_ERROR;
				CLANG_WARN_DOCUMENTATION_COMMENTS = YES;
				CLANG_WARN_EMPTY_BODY = YES;
				CLANG_WARN_ENUM_CONVERSION = YES;
				CLANG_WARN_INFINITE_RECURSION = YES;
				CLANG_WARN_INT_CONVERSION = YES;
				CLANG_WARN_NON_LITERAL_NULL_CONVERSION = YES;
				CLANG_WARN_OBJC_IMPLICIT_RETAIN_SELF = YES;
				CLANG_WARN_OBJC_LITERAL_CONVERSION = YES;
				CLANG_WARN_OBJC_ROOT_CLASS = YES_ERROR;
				CLANG_WARN_QUOTED_INCLUDE_IN_FRAMEWORK_HEADER = YES;
				CLANG_WARN_RANGE_LOOP_ANALYSIS = YES;
				CLANG_WARN_STRICT_PROTOTYPES = YES;
				CLANG_WARN_SUSPICIOUS_MOVE = YES;
				CLANG_WARN_UNGUARDED_AVAILABILITY = YES_AGGRESSIVE;
				CLANG_WARN_UNREACHABLE_CODE = YES;
				CLANG_WARN__DUPLICATE_METHOD_MATCH = YES;
				COPY_PHASE_STRIP = NO;
				DEBUG_INFORMATION_FORMAT = "dwarf-with-dsym";
				ENABLE_NS_ASSERTIONS = NO;
				ENABLE_STRICT_OBJC_MSGSEND = YES;
				GCC_C_LANGUAGE_STANDARD = gnu11;
				GCC_NO_COMMON_BLOCKS = YES;
				GCC_WARN_64_TO_32_BIT_CONVERSION = YES;
				GCC_WARN_ABOUT_RETURN_TYPE = YES_ERROR;
				GCC_WARN_UNDECLARED_SELECTOR = YES;
				GCC_WARN_UNINITIALIZED_AUTOS = YES_AGGRESSIVE;
				GCC_WARN_UNUSED_FUNCTION = YES;
				GCC_WARN_UNUSED_VARIABLE = YES;
				IPHONEOS_DEPLOYMENT_TARGET = 14.0;
				MTL_ENABLE_DEBUG_INFO = NO;
				MTL_FAST_MATH = YES;
				SDKROOT = iphoneos;
				SWIFT_COMPILATION_MODE = wholemodule;
				SWIFT_OPTIMIZATION_LEVEL = "-O";
				VALIDATE_PRODUCT = YES;
			};
			name = Release;
		};
		B55BCF0128FC4C6100AF7E45 /* Debug */ = {
			isa = XCBuildConfiguration;
			buildSettings = {
				ASSETCATALOG_COMPILER_APPICON_NAME = AppIcon;
				ASSETCATALOG_COMPILER_GLOBAL_ACCENT_COLOR_NAME = AccentColor;
				CODE_SIGN_STYLE = Automatic;
				CURRENT_PROJECT_VERSION = 1;
				GENERATE_INFOPLIST_FILE = YES;
				INFOPLIST_FILE = EarthValley80/Global/Supports/Info.plist;
				INFOPLIST_KEY_UIApplicationSupportsIndirectInputEvents = YES;
				INFOPLIST_KEY_UILaunchStoryboardName = LaunchScreen;
				INFOPLIST_KEY_UIMainStoryboardFile = NewsFeed;
				INFOPLIST_KEY_UISupportedInterfaceOrientations = "UIInterfaceOrientationLandscapeLeft UIInterfaceOrientationLandscapeRight UIInterfaceOrientationPortrait";
				INFOPLIST_KEY_UISupportedInterfaceOrientations_iPad = "UIInterfaceOrientationLandscapeLeft UIInterfaceOrientationLandscapeRight";
				LD_RUNPATH_SEARCH_PATHS = (
					"$(inherited)",
					"@executable_path/Frameworks",
				);
				MARKETING_VERSION = 1.0;
				PRODUCT_BUNDLE_IDENTIFIER = com.earthValley80.EarthValley80;
				PRODUCT_NAME = "$(TARGET_NAME)";
				SUPPORTED_PLATFORMS = "iphoneos iphonesimulator";
				SUPPORTS_MACCATALYST = NO;
				SUPPORTS_MAC_DESIGNED_FOR_IPHONE_IPAD = NO;
				SWIFT_EMIT_LOC_STRINGS = YES;
				SWIFT_VERSION = 5.0;
				TARGETED_DEVICE_FAMILY = 2;
			};
			name = Debug;
		};
		B55BCF0228FC4C6100AF7E45 /* Release */ = {
			isa = XCBuildConfiguration;
			buildSettings = {
				ASSETCATALOG_COMPILER_APPICON_NAME = AppIcon;
				ASSETCATALOG_COMPILER_GLOBAL_ACCENT_COLOR_NAME = AccentColor;
				CODE_SIGN_STYLE = Automatic;
				CURRENT_PROJECT_VERSION = 1;
				GENERATE_INFOPLIST_FILE = YES;
				INFOPLIST_FILE = EarthValley80/Global/Supports/Info.plist;
				INFOPLIST_KEY_UIApplicationSupportsIndirectInputEvents = YES;
				INFOPLIST_KEY_UILaunchStoryboardName = LaunchScreen;
				INFOPLIST_KEY_UIMainStoryboardFile = NewsFeed;
				INFOPLIST_KEY_UISupportedInterfaceOrientations = "UIInterfaceOrientationLandscapeLeft UIInterfaceOrientationLandscapeRight UIInterfaceOrientationPortrait";
				INFOPLIST_KEY_UISupportedInterfaceOrientations_iPad = "UIInterfaceOrientationLandscapeLeft UIInterfaceOrientationLandscapeRight";
				LD_RUNPATH_SEARCH_PATHS = (
					"$(inherited)",
					"@executable_path/Frameworks",
				);
				MARKETING_VERSION = 1.0;
				PRODUCT_BUNDLE_IDENTIFIER = com.earthValley80.EarthValley80;
				PRODUCT_NAME = "$(TARGET_NAME)";
				SUPPORTED_PLATFORMS = "iphoneos iphonesimulator";
				SUPPORTS_MACCATALYST = NO;
				SUPPORTS_MAC_DESIGNED_FOR_IPHONE_IPAD = NO;
				SWIFT_EMIT_LOC_STRINGS = YES;
				SWIFT_VERSION = 5.0;
				TARGETED_DEVICE_FAMILY = 2;
			};
			name = Release;
		};
		B55BCF0428FC4C6100AF7E45 /* Debug */ = {
			isa = XCBuildConfiguration;
			buildSettings = {
				ALWAYS_EMBED_SWIFT_STANDARD_LIBRARIES = YES;
				BUNDLE_LOADER = "$(TEST_HOST)";
				CODE_SIGN_STYLE = Automatic;
				CURRENT_PROJECT_VERSION = 1;
				GENERATE_INFOPLIST_FILE = YES;
				IPHONEOS_DEPLOYMENT_TARGET = 14.0;
				MARKETING_VERSION = 1.0;
				PRODUCT_BUNDLE_IDENTIFIER = com.earthValley80.EarthValley80Tests;
				PRODUCT_NAME = "$(TARGET_NAME)";
				SUPPORTED_PLATFORMS = "iphoneos iphonesimulator";
				SUPPORTS_MACCATALYST = NO;
				SUPPORTS_MAC_DESIGNED_FOR_IPHONE_IPAD = NO;
				SWIFT_EMIT_LOC_STRINGS = NO;
				SWIFT_VERSION = 5.0;
				TARGETED_DEVICE_FAMILY = 2;
				TEST_HOST = "$(BUILT_PRODUCTS_DIR)/EarthValley80.app/$(BUNDLE_EXECUTABLE_FOLDER_PATH)/EarthValley80";
			};
			name = Debug;
		};
		B55BCF0528FC4C6100AF7E45 /* Release */ = {
			isa = XCBuildConfiguration;
			buildSettings = {
				ALWAYS_EMBED_SWIFT_STANDARD_LIBRARIES = YES;
				BUNDLE_LOADER = "$(TEST_HOST)";
				CODE_SIGN_STYLE = Automatic;
				CURRENT_PROJECT_VERSION = 1;
				GENERATE_INFOPLIST_FILE = YES;
				IPHONEOS_DEPLOYMENT_TARGET = 14.0;
				MARKETING_VERSION = 1.0;
				PRODUCT_BUNDLE_IDENTIFIER = com.earthValley80.EarthValley80Tests;
				PRODUCT_NAME = "$(TARGET_NAME)";
				SUPPORTED_PLATFORMS = "iphoneos iphonesimulator";
				SUPPORTS_MACCATALYST = NO;
				SUPPORTS_MAC_DESIGNED_FOR_IPHONE_IPAD = NO;
				SWIFT_EMIT_LOC_STRINGS = NO;
				SWIFT_VERSION = 5.0;
				TARGETED_DEVICE_FAMILY = 2;
				TEST_HOST = "$(BUILT_PRODUCTS_DIR)/EarthValley80.app/$(BUNDLE_EXECUTABLE_FOLDER_PATH)/EarthValley80";
			};
			name = Release;
		};
		B55BCF0728FC4C6100AF7E45 /* Debug */ = {
			isa = XCBuildConfiguration;
			buildSettings = {
				ALWAYS_EMBED_SWIFT_STANDARD_LIBRARIES = YES;
				CODE_SIGN_STYLE = Automatic;
				CURRENT_PROJECT_VERSION = 1;
				GENERATE_INFOPLIST_FILE = YES;
				MARKETING_VERSION = 1.0;
				PRODUCT_BUNDLE_IDENTIFIER = com.earthValley80.EarthValley80UITests;
				PRODUCT_NAME = "$(TARGET_NAME)";
				SUPPORTED_PLATFORMS = "iphoneos iphonesimulator";
				SUPPORTS_MACCATALYST = NO;
				SUPPORTS_MAC_DESIGNED_FOR_IPHONE_IPAD = NO;
				SWIFT_EMIT_LOC_STRINGS = NO;
				SWIFT_VERSION = 5.0;
				TARGETED_DEVICE_FAMILY = 2;
				TEST_TARGET_NAME = EarthValley80;
			};
			name = Debug;
		};
		B55BCF0828FC4C6100AF7E45 /* Release */ = {
			isa = XCBuildConfiguration;
			buildSettings = {
				ALWAYS_EMBED_SWIFT_STANDARD_LIBRARIES = YES;
				CODE_SIGN_STYLE = Automatic;
				CURRENT_PROJECT_VERSION = 1;
				GENERATE_INFOPLIST_FILE = YES;
				MARKETING_VERSION = 1.0;
				PRODUCT_BUNDLE_IDENTIFIER = com.earthValley80.EarthValley80UITests;
				PRODUCT_NAME = "$(TARGET_NAME)";
				SUPPORTED_PLATFORMS = "iphoneos iphonesimulator";
				SUPPORTS_MACCATALYST = NO;
				SUPPORTS_MAC_DESIGNED_FOR_IPHONE_IPAD = NO;
				SWIFT_EMIT_LOC_STRINGS = NO;
				SWIFT_VERSION = 5.0;
				TARGETED_DEVICE_FAMILY = 2;
				TEST_TARGET_NAME = EarthValley80;
			};
			name = Release;
		};
/* End XCBuildConfiguration section */

/* Begin XCConfigurationList section */
		B55BCED128FC4C5F00AF7E45 /* Build configuration list for PBXProject "EarthValley80" */ = {
			isa = XCConfigurationList;
			buildConfigurations = (
				B55BCEFE28FC4C6100AF7E45 /* Debug */,
				B55BCEFF28FC4C6100AF7E45 /* Release */,
			);
			defaultConfigurationIsVisible = 0;
			defaultConfigurationName = Release;
		};
		B55BCF0028FC4C6100AF7E45 /* Build configuration list for PBXNativeTarget "EarthValley80" */ = {
			isa = XCConfigurationList;
			buildConfigurations = (
				B55BCF0128FC4C6100AF7E45 /* Debug */,
				B55BCF0228FC4C6100AF7E45 /* Release */,
			);
			defaultConfigurationIsVisible = 0;
			defaultConfigurationName = Release;
		};
		B55BCF0328FC4C6100AF7E45 /* Build configuration list for PBXNativeTarget "EarthValley80Tests" */ = {
			isa = XCConfigurationList;
			buildConfigurations = (
				B55BCF0428FC4C6100AF7E45 /* Debug */,
				B55BCF0528FC4C6100AF7E45 /* Release */,
			);
			defaultConfigurationIsVisible = 0;
			defaultConfigurationName = Release;
		};
		B55BCF0628FC4C6100AF7E45 /* Build configuration list for PBXNativeTarget "EarthValley80UITests" */ = {
			isa = XCConfigurationList;
			buildConfigurations = (
				B55BCF0728FC4C6100AF7E45 /* Debug */,
				B55BCF0828FC4C6100AF7E45 /* Release */,
			);
			defaultConfigurationIsVisible = 0;
			defaultConfigurationName = Release;
		};
/* End XCConfigurationList section */
	};
	rootObject = B55BCECE28FC4C5F00AF7E45 /* Project object */;
}
